lockfileVersion: '9.0'

settings:
  autoInstallPeers: true
  excludeLinksFromLockfile: false

importers:

  .:
    dependencies:
      blessed:
        specifier: ^0.1.81
        version: 0.1.81
      blessed-contrib:
        specifier: ^4.11.0
        version: 4.11.0
      chokidar:
        specifier: ^4.0.0
        version: 4.0.3
    devDependencies:
      '@types/blessed':
        specifier: ^0.1.25
        version: 0.1.27
      '@types/node':
        specifier: ^22.0.0
        version: 22.19.17
      tsx:
        specifier: ^4.0.0
        version: 4.21.0
      typescript:
        specifier: ^5.7.0
        version: 5.9.3

packages:

  '@colors/colors@1.5.0':
    resolution: {integrity: sha512-ooWCrlZP11i8GImSjTHYHLkvFDP48nS4+204nGb1RiX/WXYHmJA2III9/e2DWVabCESdW7hBAEzHRqUn9OUVvQ==}
    engines: {node: '>=0.1.90'}

  '@esbuild/aix-ppc64@0.27.7':
    resolution: {integrity: sha512-EKX3Qwmhz1eMdEJokhALr0YiD0lhQNwDqkPYyPhiSwKrh7/4KRjQc04sZ8db+5DVVnZ1LmbNDI1uAMPEUBnQPg==}
    engines: {node: '>=18'}
    cpu: [ppc64]
    os: [aix]

  '@esbuild/android-arm64@0.27.7':
    resolution: {integrity: sha512-62dPZHpIXzvChfvfLJow3q5dDtiNMkwiRzPylSCfriLvZeq0a1bWChrGx/BbUbPwOrsWKMn8idSllklzBy+dgQ==}
    engines: {node: '>=18'}
    cpu: [arm64]
    os: [android]

  '@esbuild/android-arm@0.27.7':
    resolution: {integrity: sha512-jbPXvB4Yj2yBV7HUfE2KHe4GJX51QplCN1pGbYjvsyCZbQmies29EoJbkEc+vYuU5o45AfQn37vZlyXy4YJ8RQ==}
    engines: {node: '>=18'}
    cpu: [arm]
    os: [android]

  '@esbuild/android-x64@0.27.7':
    resolution: {integrity: sha512-x5VpMODneVDb70PYV2VQOmIUUiBtY3D3mPBG8NxVk5CogneYhkR7MmM3yR/uMdITLrC1ml/NV1rj4bMJuy9MCg==}
    engines: {node: '>=18'}
    cpu: [x64]
    os: [android]

  '@esbuild/darwin-arm64@0.27.7':
    resolution: {integrity: sha512-5lckdqeuBPlKUwvoCXIgI2D9/ABmPq3Rdp7IfL70393YgaASt7tbju3Ac+ePVi3KDH6N2RqePfHnXkaDtY9fkw==}
    engines: {node: '>=18'}
    cpu: [arm64]
    os: [darwin]

  '@esbuild/darwin-x64@0.27.7':
    resolution: {integrity: sha512-rYnXrKcXuT7Z+WL5K980jVFdvVKhCHhUwid+dDYQpH+qu+TefcomiMAJpIiC2EM3Rjtq0sO3StMV/+3w3MyyqQ==}
    engines: {node: '>=18'}
    cpu: [x64]
    os: [darwin]

  '@esbuild/freebsd-arm64@0.27.7':
    resolution: {integrity: sha512-B48PqeCsEgOtzME2GbNM2roU29AMTuOIN91dsMO30t+Ydis3z/3Ngoj5hhnsOSSwNzS+6JppqWsuhTp6E82l2w==}
    engines: {node: '>=18'}
    cpu: [arm64]
    os: [freebsd]

  '@esbuild/freebsd-x64@0.27.7':
    resolution: {integrity: sha512-jOBDK5XEjA4m5IJK3bpAQF9/Lelu/Z9ZcdhTRLf4cajlB+8VEhFFRjWgfy3M1O4rO2GQ/b2dLwCUGpiF/eATNQ==}
    engines: {node: '>=18'}
    cpu: [x64]
    os: [freebsd]

  '@esbuild/linux-arm64@0.27.7':
    resolution: {integrity: sha512-RZPHBoxXuNnPQO9rvjh5jdkRmVizktkT7TCDkDmQ0W2SwHInKCAV95GRuvdSvA7w4VMwfCjUiPwDi0ZO6Nfe9A==}
    engines: {node: '>=18'}
    cpu: [arm64]
    os: [linux]

  '@esbuild/linux-arm@0.27.7':
    resolution: {integrity: sha512-RkT/YXYBTSULo3+af8Ib0ykH8u2MBh57o7q/DAs3lTJlyVQkgQvlrPTnjIzzRPQyavxtPtfg0EopvDyIt0j1rA==}
    engines: {node: '>=18'}
    cpu: [arm]
    os: [linux]

  '@esbuild/linux-ia32@0.27.7':
    resolution: {integrity: sha512-GA48aKNkyQDbd3KtkplYWT102C5sn/EZTY4XROkxONgruHPU72l+gW+FfF8tf2cFjeHaRbWpOYa/uRBz/Xq1Pg==}
    engines: {node: '>=18'}
    cpu: [ia32]
    os: [linux]

  '@esbuild/linux-loong64@0.27.7':
    resolution: {integrity: sha512-a4POruNM2oWsD4WKvBSEKGIiWQF8fZOAsycHOt6JBpZ+JN2n2JH9WAv56SOyu9X5IqAjqSIPTaJkqN8F7XOQ5Q==}
    engines: {node: '>=18'}
    cpu: [loong64]
    os: [linux]

  '@esbuild/linux-mips64el@0.27.7':
    resolution: {integrity: sha512-KabT5I6StirGfIz0FMgl1I+R1H73Gp0ofL9A3nG3i/cYFJzKHhouBV5VWK1CSgKvVaG4q1RNpCTR2LuTVB3fIw==}
    engines: {node: '>=18'}
    cpu: [mips64el]
    os: [linux]

  '@esbuild/linux-ppc64@0.27.7':
    resolution: {integrity: sha512-gRsL4x6wsGHGRqhtI+ifpN/vpOFTQtnbsupUF5R5YTAg+y/lKelYR1hXbnBdzDjGbMYjVJLJTd2OFmMewAgwlQ==}
    engines: {node: '>=18'}
    cpu: [ppc64]
    os: [linux]

  '@esbuild/linux-riscv64@0.27.7':
    resolution: {integrity: sha512-hL25LbxO1QOngGzu2U5xeXtxXcW+/GvMN3ejANqXkxZ/opySAZMrc+9LY/WyjAan41unrR3YrmtTsUpwT66InQ==}
    engines: {node: '>=18'}
    cpu: [riscv64]
    os: [linux]

  '@esbuild/linux-s390x@0.27.7':
    resolution: {integrity: sha512-2k8go8Ycu1Kb46vEelhu1vqEP+UeRVj2zY1pSuPdgvbd5ykAw82Lrro28vXUrRmzEsUV0NzCf54yARIK8r0fdw==}
    engines: {node: '>=18'}
    cpu: [s390x]
    os: [linux]

  '@esbuild/linux-x64@0.27.7':
    resolution: {integrity: sha512-hzznmADPt+OmsYzw1EE33ccA+HPdIqiCRq7cQeL1Jlq2gb1+OyWBkMCrYGBJ+sxVzve2ZJEVeePbLM2iEIZSxA==}
    engines: {node: '>=18'}
    cpu: [x64]
    os: [linux]

  '@esbuild/netbsd-arm64@0.27.7':
    resolution: {integrity: sha512-b6pqtrQdigZBwZxAn1UpazEisvwaIDvdbMbmrly7cDTMFnw/+3lVxxCTGOrkPVnsYIosJJXAsILG9XcQS+Yu6w==}
    engines: {node: '>=18'}
    cpu: [arm64]
    os: [netbsd]

  '@esbuild/netbsd-x64@0.27.7':
    resolution: {integrity: sha512-OfatkLojr6U+WN5EDYuoQhtM+1xco+/6FSzJJnuWiUw5eVcicbyK3dq5EeV/QHT1uy6GoDhGbFpprUiHUYggrw==}
    engines: {node: '>=18'}
    cpu: [x64]
    os: [netbsd]

  '@esbuild/openbsd-arm64@0.27.7':
    resolution: {integrity: sha512-AFuojMQTxAz75Fo8idVcqoQWEHIXFRbOc1TrVcFSgCZtQfSdc1RXgB3tjOn/krRHENUB4j00bfGjyl2mJrU37A==}
    engines: {node: '>=18'}
    cpu: [arm64]
    os: [openbsd]

  '@esbuild/openbsd-x64@0.27.7':
    resolution: {integrity: sha512-+A1NJmfM8WNDv5CLVQYJ5PshuRm/4cI6WMZRg1by1GwPIQPCTs1GLEUHwiiQGT5zDdyLiRM/l1G0Pv54gvtKIg==}
    engines: {node: '>=18'}
    cpu: [x64]
    os: [openbsd]

  '@esbuild/openharmony-arm64@0.27.7':
    resolution: {integrity: sha512-+KrvYb/C8zA9CU/g0sR6w2RBw7IGc5J2BPnc3dYc5VJxHCSF1yNMxTV5LQ7GuKteQXZtspjFbiuW5/dOj7H4Yw==}
    engines: {node: '>=18'}
    cpu: [arm64]
    os: [openharmony]

  '@esbuild/sunos-x64@0.27.7':
    resolution: {integrity: sha512-ikktIhFBzQNt/QDyOL580ti9+5mL/YZeUPKU2ivGtGjdTYoqz6jObj6nOMfhASpS4GU4Q/Clh1QtxWAvcYKamA==}
    engines: {node: '>=18'}
    cpu: [x64]
    os: [sunos]

  '@esbuild/win32-arm64@0.27.7':
    resolution: {integrity: sha512-7yRhbHvPqSpRUV7Q20VuDwbjW5kIMwTHpptuUzV+AA46kiPze5Z7qgt6CLCK3pWFrHeNfDd1VKgyP4O+ng17CA==}
    engines: {node: '>=18'}
    cpu: [arm64]
    os: [win32]

  '@esbuild/win32-ia32@0.27.7':
    resolution: {integrity: sha512-SmwKXe6VHIyZYbBLJrhOoCJRB/Z1tckzmgTLfFYOfpMAx63BJEaL9ExI8x7v0oAO3Zh6D/Oi1gVxEYr5oUCFhw==}
    engines: {node: '>=18'}
    cpu: [ia32]
    os: [win32]

  '@esbuild/win32-x64@0.27.7':
    resolution: {integrity: sha512-56hiAJPhwQ1R4i+21FVF7V8kSD5zZTdHcVuRFMW0hn753vVfQN8xlx4uOPT4xoGH0Z/oVATuR82AiqSTDIpaHg==}
    engines: {node: '>=18'}
    cpu: [x64]
    os: [win32]

  '@types/blessed@0.1.27':
    resolution: {integrity: sha512-ZOQGjLvWDclAXp0rW5iuUBXeD6Gr1PkitN7tj7/G8FCoSzTsij6OhXusOzMKhwrZ9YlL2Pmu0d6xJ9zVvk+Hsg==}

  '@types/node@22.19.17':
    resolution: {integrity: sha512-wGdMcf+vPYM6jikpS/qhg6WiqSV/OhG+jeeHT/KlVqxYfD40iYJf9/AE1uQxVWFvU7MipKRkRv8NSHiCGgPr8Q==}

  abbrev@1.1.1:
    resolution: {integrity: sha512-nne9/IiQ/hzIhY6pdDnbBtz7DjPTKrY00P/zvPSm5pOFkl6xuGrGnXn/VtTNNfNtAfZ9/1RtehkszU9qcTii0Q==}

  ansi-escapes@6.2.1:
    resolution: {integrity: sha512-4nJ3yixlEthEJ9Rk4vPcdBRkZvQZlYyu8j4/Mqz5sgIkddmEnH2Yj2ZrnP9S3tQOvSNRUIgVNF/1yPpRAGNRig==}
    engines: {node: '>=14.16'}

  ansi-regex@2.1.1:
    resolution: {integrity: sha512-TIGnTpdo+E3+pCyAluZvtED5p5wCqLdezCyhPZzKPcxvFplEt4i+W7OONCKgeZFT3+y5NZZfOOS/Bdcanm1MYA==}
    engines: {node: '>=0.10.0'}

  ansi-regex@5.0.1:
    resolution: {integrity: sha512-quJQXlTSUGL2LH9SUXo8VwsY4soanhgo6LNSm84E1LBcE8s3O0wpdiRzyR9z/ZZJMlMWv37qOOb9pdJlMUEKFQ==}
    engines: {node: '>=8'}

  ansi-styles@2.2.1:
    resolution: {integrity: sha512-kmCevFghRiWM7HB5zTPULl4r9bVFSWjz62MhqizDGUrq2NWuNMQyuv4tHHoKJHs69M/MF64lEcHdYIocrdWQYA==}
    engines: {node: '>=0.10.0'}

  ansi-term@0.0.2:
    resolution: {integrity: sha512-jLnGE+n8uAjksTJxiWZf/kcUmXq+cRWSl550B9NmQ8YiqaTM+lILcSe5dHdp8QkJPhaOghDjnMKwyYSMjosgAA==}

  ansicolors@0.3.2:
    resolution: {integrity: sha512-QXu7BPrP29VllRxH8GwB7x5iX5qWKAAMLqKQGWTeLWVlNHNOpVMJ91dsxQAIWXpjuW5wqvxu3Jd/nRjrJ+0pqg==}

  blessed-contrib@4.11.0:
    resolution: {integrity: sha512-P00Xji3xPp53+FdU9f74WpvnOAn/SS0CKLy4vLAf5Ps7FGDOTY711ruJPZb3/7dpFuP+4i7f4a/ZTZdLlKG9WA==}

  blessed@0.1.81:
    resolution: {integrity: sha512-LoF5gae+hlmfORcG1M5+5XZi4LBmvlXTzwJWzUlPryN/SJdSflZvROM2TwkT0GMpq7oqT48NRd4GS7BiVBc5OQ==}
    engines: {node: '>= 0.8.0'}
    hasBin: true

  bresenham@0.0.3:
    resolution: {integrity: sha512-wbMxoJJM1p3+6G7xEFXYNCJ30h2qkwmVxebkbwIl4OcnWtno5R3UT9VuYLfStlVNAQCmRjkGwjPFdfaPd4iNXw==}

  buffers@0.1.1:
    resolution: {integrity: sha512-9q/rDEGSb/Qsvv2qvzIzdluL5k7AaJOTrw23z9reQthrbF7is4CtlT0DXyO1oei2DCp4uojjzQ7igaSHp1kAEQ==}
    engines: {node: '>=0.2.0'}

  cardinal@2.1.1:
    resolution: {integrity: sha512-JSr5eOgoEymtYHBjNWyjrMqet9Am2miJhlfKNdqLp6zoeAh0KN5dRAcxlecj5mAJrmQomgiOBj35xHLrFjqBpw==}
    hasBin: true

  chalk@1.1.3:
    resolution: {integrity: sha512-U3lRVLMSlsCfjqYPbLyVv11M9CPW4I728d6TCKMAOJueEeB9/8o+eSsMnxPJD+Q+K909sdESg7C+tIkoH6on1A==}
    engines: {node: '>=0.10.0'}

  chalk@5.6.2:
    resolution: {integrity: sha512-7NzBL0rN6fMUW+f7A6Io4h40qQlG+xGmtMxfbnH/K7TAtt8JQWVQK+6g0UXKMeVJoyV5EkkNsErQ8pVD3bLHbA==}
    engines: {node: ^12.17.0 || ^14.13 || >=16.0.0}

  charm@0.1.2:
    resolution: {integrity: sha512-syedaZ9cPe7r3hoQA9twWYKu5AIyCswN5+szkmPBe9ccdLrj4bYaCnLVPTLd2kgVRc7+zoX4tyPgRnFKCj5YjQ==}

  chokidar@4.0.3:
    resolution: {integrity: sha512-Qgzu8kfBvo+cA4962jnP1KkS6Dop5NS6g7R5LFYJr4b8Ub94PPQXUksCw9PvXoeXPRRddRNC5C1JQUR2SMGtnA==}
    engines: {node: '>= 14.16.0'}

  cli-table3@0.6.5:
    resolution: {integrity: sha512-+W/5efTR7y5HRD7gACw9yQjqMVvEMLBHmboM/kPWam+H+Hmyrgjh6YncVKK122YZkXrLudzTuAukUw9FnMf7IQ==}
    engines: {node: 10.* || >= 12.*}

  core-util-is@1.0.3:
    resolution: {integrity: sha512-ZQBvi1DcpJ4GDqanjucZ2Hj3wEO5pZDS89BWbkcrvdxksJorwUDDZamX9ldFkp9aw2lmBDLgkObEA4DWNJ9FYQ==}

  drawille-blessed-contrib@1.0.0:
    resolution: {integrity: sha512-WnHMgf5en/hVOsFhxLI8ZX0qTJmerOsVjIMQmn4cR1eI8nLGu+L7w5ENbul+lZ6w827A3JakCuernES5xbHLzQ==}

  drawille-canvas-blessed-contrib@0.1.3:
    resolution: {integrity: sha512-bdDvVJOxlrEoPLifGDPaxIzFh3cD7QH05ePoQ4fwnqfi08ZSxzEhOUpI5Z0/SQMlWgcCQOEtuw0zrwezacXglw==}

  emoji-regex@8.0.0:
    resolution: {integrity: sha512-MSjYzcWNOA0ewAHpz0MxpYFvwg6yjy1NG3xteoqz644VCo/RPgnr1/GGt+ic3iJTzQ8Eu3TdM14SawnVUmGE6A==}

  esbuild@0.27.7:
    resolution: {integrity: sha512-IxpibTjyVnmrIQo5aqNpCgoACA/dTKLTlhMHihVHhdkxKyPO1uBBthumT0rdHmcsk9uMonIWS0m4FljWzILh3w==}
    engines: {node: '>=18'}
    hasBin: true

  escape-string-regexp@1.0.5:
    resolution: {integrity: sha512-vbRorB5FUQWvla16U8R/qgaFIya2qGzwDrNmCZuYKrbdSUMG6I1ZCGQRefkRVhuOkIGVne7BQ35DSfo1qvJqFg==}
    engines: {node: '>=0.8.0'}

  esprima@4.0.1:
    resolution: {integrity: sha512-eGuFFw7Upda+g4p+QHvnW0RyTX/SVeJBDM/gCtMARO0cLuT2HcEKnTPvhjV6aGeqrCB/sbNop0Kszm0jsaWU4A==}
    engines: {node: '>=4'}
    hasBin: true

  event-stream@0.9.8:
    resolution: {integrity: sha512-o5h0Mp1bkoR6B0i7pTCAzRy+VzdsRWH997KQD4Psb0EOPoKEIiaRx/EsOdUl7p1Ktjw7aIWvweI/OY1R9XrlUg==}

  fsevents@2.3.3:
    resolution: {integrity: sha512-5xoDfX+fL7faATnagmWPpbFtwh/R77WmMMqqHGS65C3vvB0YHrgF+B1YmZ3441tMj5n63k0212XNoJwzlhffQw==}
    engines: {node: ^8.16.0 || ^10.6.0 || >=11.0.0}
    os: [darwin]

  get-tsconfig@4.14.0:
    resolution: {integrity: sha512-yTb+8DXzDREzgvYmh6s9vHsSVCHeC0G3PI5bEXNBHtmshPnO+S5O7qgLEOn0I5QvMy6kpZN8K1NKGyilLb93wA==}

  gl-matrix@2.8.1:
    resolution: {integrity: sha512-0YCjVpE3pS5XWlN3J4X7AiAx65+nqAI54LndtVFnQZB6G/FVLkZH8y8V6R3cIoOQR4pUdfwQGd1iwyoXHJ4Qfw==}

  has-ansi@2.0.0:
    resolution: {integrity: sha512-C8vBJ8DwUCx19vhm7urhTuUsr4/IyP6l4VzNQDv+ryHQObW3TTTp9yB68WpYgRe2bbaGuZ/se74IqFeVnMnLZg==}
    engines: {node: '>=0.10.0'}

  has-flag@4.0.0:
    resolution: {integrity: sha512-EykJT/Q1KjTWctppgIAgfSO0tKVuZUjhgMr17kqTumMl6Afv3EISleU7qZUzoXDFTAHTDC4NOoG/ZxU3EvlMPQ==}
    engines: {node: '>=8'}

  here@0.0.2:
    resolution: {integrity: sha512-U7VYImCTcPoY27TSmzoiFsmWLEqQFaYNdpsPb9K0dXJhE6kufUqycaz51oR09CW85dDU9iWyy7At8M+p7hb3NQ==}

  inherits@2.0.4:
    resolution: {integrity: sha512-k/vGaX4/Yla3WzyMCvTQOXYeIHvqOKtnqBduzTHpzpQZzAskKMhZ2K+EnBiSM9zGSoIFeMpXKxa4dYeZIQqewQ==}

  is-fullwidth-code-point@3.0.0:
    resolution: {integrity: sha512-zymm5+u+sCsSWyD9qNaejV3DFvhCKclKdizYaJUuHA83RLjb7nSuGnddCHGv0hk+KY7BMAlsWeK4Ueg6EV6XQg==}
    engines: {node: '>=8'}

  isarray@0.0.1:
    resolution: {integrity: sha512-D2S+3GLxWH+uhrNEcoh/fnmYeP8E8/zHl644d/jdA0g2uyXvy3sb0qxotE+ne0LtccHknQzWwZEzhak7oJ0COQ==}

  lodash@4.17.23:
    resolution: {integrity: sha512-LgVTMpQtIopCi79SJeDiP0TfWi5CNEc/L/aRdTh3yIvmZXTnheWpKjSZhnvMl8iXbC1tFg9gdHHDMLoV7CnG+w==}

  map-canvas@0.1.5:
    resolution: {integrity: sha512-f7M3sOuL9+up0NCOZbb1rQpWDLZwR/ftCiNbyscjl9LUUEwrRaoumH4sz6swgs58lF21DQ0hsYOCw5C6Zz7hbg==}

  marked-terminal@5.2.0:
    resolution: {integrity: sha512-Piv6yNwAQXGFjZSaiNljyNFw7jKDdGrw70FSbtxEyldLsyeuV5ZHm/1wW++kWbrOF1VPnUgYOhB2oLL0ZpnekA==}
    engines: {node: '>=14.13.1 || >=16.0.0'}
    peerDependencies:
      marked: ^1.0.0 || ^2.0.0 || ^3.0.0 || ^4.0.0 || ^5.0.0

  marked@4.3.0:
    resolution: {integrity: sha512-PRsaiG84bK+AMvxziE/lCFss8juXjNaWzVbN5tXAm4XjeaS9NAHhop+PjQxz2A9h8Q4M/xGmzP8vqNwy6JeK0A==}
    engines: {node: '>= 12'}
    hasBin: true

  memory-streams@0.1.3:
    resolution: {integrity: sha512-qVQ/CjkMyMInPaaRMrwWNDvf6boRZXaT/DbQeMYcCWuXPEBf1v8qChOc9OlEVQp2uOvRXa1Qu30fLmKhY6NipA==}

  memorystream@0.3.1:
    resolution: {integrity: sha512-S3UwM3yj5mtUSEfP41UZmt/0SCoVYUcU1rkXv+BQ5Ig8ndL4sPoJNBUJERafdPb5jjHJGuMgytgKvKIf58XNBw==}
    engines: {node: '>= 0.10.0'}

  node-emoji@1.11.0:
    resolution: {integrity: sha512-wo2DpQkQp7Sjm2A0cq+sN7EHKO6Sl0ctXeBdFZrL9T9+UywORbufTcTZxom8YqpLQt/FqNMUkOpkZrJVYSKD3A==}

  nopt@2.1.2:
    resolution: {integrity: sha512-x8vXm7BZ2jE1Txrxh/hO74HTuYZQEbo8edoRcANgdZ4+PCV+pbjd/xdummkmjjC7LU5EjPzlu8zEq/oxWylnKA==}
    hasBin: true

  optimist@0.2.8:
    resolution: {integrity: sha512-Wy7E3cQDpqsTIFyW7m22hSevyTLxw850ahYv7FWsw4G6MIKVTZ8NSA95KBrQ95a4SMsMr1UGUUnwEFKhVaSzIg==}

  optimist@0.3.7:
    resolution: {integrity: sha512-TCx0dXQzVtSCg2OgY/bO9hjM9cV4XYx09TVK+s3+FhkjT6LovsLe+pPMzpWf+6yXK/hUizs2gUoTw3jHM0VaTQ==}

  picture-tuber@1.0.2:
    resolution: {integrity: sha512-49/xq+wzbwDeI32aPvwQJldM8pr7dKDRuR76IjztrkmiCkAQDaWFJzkmfVqCHmt/iFoPFhHmI9L0oKhthrTOQw==}
    engines: {node: '>=0.4.0'}
    hasBin: true

  png-js@0.1.1:
    resolution: {integrity: sha512-NTtk2SyfjBm+xYl2/VZJBhFnTQ4kU5qWC7VC4/iGbrgiU4FuB4xC+74erxADYJIqZICOR1HCvRA7EBHkpjTg9g==}

  readable-stream@1.0.34:
    resolution: {integrity: sha512-ok1qVCJuRkNmvebYikljxJA/UEsKwLl2nI1OmaqAu4/UE+h0wKCHok4XkL/gvi39OacXvw59RJUOFUkDib2rHg==}

  readdirp@4.1.2:
    resolution: {integrity: sha512-GDhwkLfywWL2s6vEjyhri+eXmfH6j1L7JE27WhqLeYzoh/A3DBaYGEj2H/HFZCn/kMfim73FXxEJTw06WtxQwg==}
    engines: {node: '>= 14.18.0'}

  redeyed@2.1.1:
    resolution: {integrity: sha512-FNpGGo1DycYAdnrKFxCMmKYgo/mILAqtRYbkdQD8Ep/Hk2PQ5+aEAEx+IU713RTDmuBaH0c8P5ZozurNu5ObRQ==}

  resolve-pkg-maps@1.0.0:
    resolution: {integrity: sha512-seS2Tj26TBVOC2NIc2rOe2y2ZO7efxITtLZcGSOnHHNOQ7CkiUBfw0Iw2ck6xkIhPwLhKNLS8BO+hEpngQlqzw==}

  sax@1.6.0:
    resolution: {integrity: sha512-6R3J5M4AcbtLUdZmRv2SygeVaM7IhrLXu9BmnOGmmACak8fiUtOsYNWUS4uK7upbmHIBbLBeFeI//477BKLBzA==}
    engines: {node: '>=11.0.0'}

  sparkline@0.1.2:
    resolution: {integrity: sha512-t//aVOiWt9fi/e22ea1vXVWBDX+gp18y+Ch9sKqmHl828bRfvP2VtfTJVEcgWFBQHd0yDPNQRiHdqzCvbcYSDA==}
    engines: {node: '>= 0.8.0'}
    hasBin: true

  string-width@4.2.3:
    resolution: {integrity: sha512-wKyQRQpjJ0sIp62ErSZdGsjMJWsap5oRNihHhu6G7JVO/9jIB6UyevL+tXuOqrng8j/cxKTWyWUwvSTriiZz/g==}
    engines: {node: '>=8'}

  string_decoder@0.10.31:
    resolution: {integrity: sha512-ev2QzSzWPYmy9GuqfIVildA4OdcGLeFZQrq5ys6RtiuF+RQQiZWr8TZNyAcuVXyQRYfEO+MsoB/1BuQVhOJuoQ==}

  strip-ansi@3.0.1:
    resolution: {integrity: sha512-VhumSSbBqDTP8p2ZLKj40UjBCV4+v8bUSEpUb4KjRgWk9pbqGF4REFj6KEagidb2f/M6AzC0EmFyDNGaw9OCzg==}
    engines: {node: '>=0.10.0'}

  strip-ansi@6.0.1:
    resolution: {integrity: sha512-Y38VPSHcqkFrCpFnQ9vuSXmquuv5oXOKpGeT6aGrr3o3Gc9AlVa6JBfUSOCnbxGGZF+/0ooI7KrPuUSztUdU5A==}
    engines: {node: '>=8'}

  supports-color@2.0.0:
    resolution: {integrity: sha512-KKNVtd6pCYgPIKU4cp2733HWYCpplQhddZLBUryaAHou723x+FRzQ5Df824Fj+IyyuiQTRoub4SnIFfIcrp70g==}
    engines: {node: '>=0.8.0'}

  supports-color@7.2.0:
    resolution: {integrity: sha512-qpCAvRl9stuOHveKsn7HncJRvv501qIacKzQlO/+Lwxc9+0q2wLyv4Dfvt80/DPn2pqOBsJdDiogXGR9+OvwRw==}
    engines: {node: '>=8'}

  supports-hyperlinks@2.3.0:
    resolution: {integrity: sha512-RpsAZlpWcDwOPQA22aCH4J0t7L8JmAvsCxfOSEwm7cQs3LshN36QaTkwd70DnBOXDWGssw2eUoc8CaRWT0XunA==}
    engines: {node: '>=8'}

  term-canvas@0.0.5:
    resolution: {integrity: sha512-eZ3rIWi5yLnKiUcsW8P79fKyooaLmyLWAGqBhFspqMxRNUiB4GmHHk5AzQ4LxvFbJILaXqQZLwbbATLOhCFwkw==}

  tsx@4.21.0:
    resolution: {integrity: sha512-5C1sg4USs1lfG0GFb2RLXsdpXqBSEhAaA/0kPL01wxzpMqLILNxIxIOKiILz+cdg/pLnOUxFYOR5yhHU666wbw==}
    engines: {node: '>=18.0.0'}
    hasBin: true

  typescript@5.9.3:
    resolution: {integrity: sha512-jl1vZzPDinLr9eUt3J/t7V6FgNEw9QjvBPdysz9KfQDD41fQrC2Y4vKQdiaUpFT4bXlb1RHhLpp8wtm6M5TgSw==}
    engines: {node: '>=14.17'}
    hasBin: true

  undici-types@6.21.0:
    resolution: {integrity: sha512-iwDZqg0QAGrg9Rav5H4n0M64c3mkR59cJ6wQp+7C4nI0gsmExaedaYLNO44eT4AtBBwjbTiGPMlt2Md0T9H9JQ==}

  wordwrap@0.0.3:
    resolution: {integrity: sha512-1tMA907+V4QmxV7dbRvb4/8MaRALK6q9Abid3ndMYnbyo8piisCmeONVqVSXqQA3KaP4SLt5b7ud6E2sqP8TFw==}
    engines: {node: '>=0.4.0'}

  x256@0.0.2:
    resolution: {integrity: sha512-ZsIH+sheoF8YG9YG+QKEEIdtqpHRA9FYuD7MqhfyB1kayXU43RUNBFSxBEnF8ywSUxdg+8no4+bPr5qLbyxKgA==}
    engines: {node: '>=0.4.0'}

  xml2js@0.4.23:
    resolution: {integrity: sha512-ySPiMjM0+pLDftHgXY4By0uswI3SPKLDw/i3UXbnO8M/p28zqexCUoPmQFrYD+/1BzhGJSs2i1ERWKJAtiLrug==}
    engines: {node: '>=4.0.0'}

  xmlbuilder@11.0.1:
    resolution: {integrity: sha512-fDlsI/kFEx7gLvbecc0/ohLG50fugQp8ryHzMTuW9vSa1GJ0XYWKnhsUx7oie3G98+r56aTQIUB4kht42R3JvA==}
    engines: {node: '>=4.0'}

snapshots:

  '@colors/colors@1.5.0':
    optional: true

  '@esbuild/aix-ppc64@0.27.7':
    optional: true

  '@esbuild/android-arm64@0.27.7':
    optional: true

  '@esbuild/android-arm@0.27.7':
    optional: true

  '@esbuild/android-x64@0.27.7':
    optional: true

  '@esbuild/darwin-arm64@0.27.7':
    optional: true

  '@esbuild/darwin-x64@0.27.7':
    optional: true

  '@esbuild/freebsd-arm64@0.27.7':
    optional: true

  '@esbuild/freebsd-x64@0.27.7':
    optional: true

  '@esbuild/linux-arm64@0.27.7':
    optional: true

  '@esbuild/linux-arm@0.27.7':
    optional: true

  '@esbuild/linux-ia32@0.27.7':
    optional: true

  '@esbuild/linux-loong64@0.27.7':
    optional: true

  '@esbuild/linux-mips64el@0.27.7':
    optional: true

  '@esbuild/linux-ppc64@0.27.7':
    optional: true

  '@esbuild/linux-riscv64@0.27.7':
    optional: true

  '@esbuild/linux-s390x@0.27.7':
    optional: true

  '@esbuild/linux-x64@0.27.7':
    optional: true

  '@esbuild/netbsd-arm64@0.27.7':
    optional: true

  '@esbuild/netbsd-x64@0.27.7':
    optional: true

  '@esbuild/openbsd-arm64@0.27.7':
    optional: true

  '@esbuild/openbsd-x64@0.27.7':
    optional: true

  '@esbuild/openharmony-arm64@0.27.7':
    optional: true

  '@esbuild/sunos-x64@0.27.7':
    optional: true

  '@esbuild/win32-arm64@0.27.7':
    optional: true

  '@esbuild/win32-ia32@0.27.7':
    optional: true

  '@esbuild/win32-x64@0.27.7':
    optional: true

  '@types/blessed@0.1.27':
    dependencies:
      '@types/node': 22.19.17

  '@types/node@22.19.17':
    dependencies:
      undici-types: 6.21.0

  abbrev@1.1.1: {}

  ansi-escapes@6.2.1: {}

  ansi-regex@2.1.1: {}

  ansi-regex@5.0.1: {}

  ansi-styles@2.2.1: {}

  ansi-term@0.0.2:
    dependencies:
      x256: 0.0.2

  ansicolors@0.3.2: {}

  blessed-contrib@4.11.0:
    dependencies:
      ansi-term: 0.0.2
      chalk: 1.1.3
      drawille-canvas-blessed-contrib: 0.1.3
      lodash: 4.17.23
      map-canvas: 0.1.5
      marked: 4.3.0
      marked-terminal: 5.2.0(marked@4.3.0)
      memory-streams: 0.1.3
      memorystream: 0.3.1
      picture-tuber: 1.0.2
      sparkline: 0.1.2
      strip-ansi: 3.0.1
      term-canvas: 0.0.5
      x256: 0.0.2

  blessed@0.1.81: {}

  bresenham@0.0.3: {}

  buffers@0.1.1: {}

  cardinal@2.1.1:
    dependencies:
      ansicolors: 0.3.2
      redeyed: 2.1.1

  chalk@1.1.3:
    dependencies:
      ansi-styles: 2.2.1
      escape-string-regexp: 1.0.5
      has-ansi: 2.0.0
      strip-ansi: 3.0.1
      supports-color: 2.0.0

  chalk@5.6.2: {}

  charm@0.1.2: {}

  chokidar@4.0.3:
    dependencies:
      readdirp: 4.1.2

  cli-table3@0.6.5:
    dependencies:
      string-width: 4.2.3
    optionalDependencies:
      '@colors/colors': 1.5.0

  core-util-is@1.0.3: {}

  drawille-blessed-contrib@1.0.0: {}

  drawille-canvas-blessed-contrib@0.1.3:
    dependencies:
      ansi-term: 0.0.2
      bresenham: 0.0.3
      drawille-blessed-contrib: 1.0.0
      gl-matrix: 2.8.1
      x256: 0.0.2

  emoji-regex@8.0.0: {}

  esbuild@0.27.7:
    optionalDependencies:
      '@esbuild/aix-ppc64': 0.27.7
      '@esbuild/android-arm': 0.27.7
      '@esbuild/android-arm64': 0.27.7
      '@esbuild/android-x64': 0.27.7
      '@esbuild/darwin-arm64': 0.27.7
      '@esbuild/darwin-x64': 0.27.7
      '@esbuild/freebsd-arm64': 0.27.7
      '@esbuild/freebsd-x64': 0.27.7
      '@esbuild/linux-arm': 0.27.7
      '@esbuild/linux-arm64': 0.27.7
      '@esbuild/linux-ia32': 0.27.7
      '@esbuild/linux-loong64': 0.27.7
      '@esbuild/linux-mips64el': 0.27.7
      '@esbuild/linux-ppc64': 0.27.7
      '@esbuild/linux-riscv64': 0.27.7
      '@esbuild/linux-s390x': 0.27.7
      '@esbuild/linux-x64': 0.27.7
      '@esbuild/netbsd-arm64': 0.27.7
      '@esbuild/netbsd-x64': 0.27.7
      '@esbuild/openbsd-arm64': 0.27.7
      '@esbuild/openbsd-x64': 0.27.7
      '@esbuild/openharmony-arm64': 0.27.7
      '@esbuild/sunos-x64': 0.27.7
      '@esbuild/win32-arm64': 0.27.7
      '@esbuild/win32-ia32': 0.27.7
      '@esbuild/win32-x64': 0.27.7

  escape-string-regexp@1.0.5: {}

  esprima@4.0.1: {}

  event-stream@0.9.8:
    dependencies:
      optimist: 0.2.8

  fsevents@2.3.3:
    optional: true

  get-tsconfig@4.14.0:
    dependencies:
      resolve-pkg-maps: 1.0.0

  gl-matrix@2.8.1: {}

  has-ansi@2.0.0:
    dependencies:
      ansi-regex: 2.1.1

  has-flag@4.0.0: {}

  here@0.0.2: {}

  inherits@2.0.4: {}

  is-fullwidth-code-point@3.0.0: {}

  isarray@0.0.1: {}

  lodash@4.17.23: {}

  map-canvas@0.1.5:
    dependencies:
      drawille-canvas-blessed-contrib: 0.1.3
      xml2js: 0.4.23

  marked-terminal@5.2.0(marked@4.3.0):
    dependencies:
      ansi-escapes: 6.2.1
      cardinal: 2.1.1
      chalk: 5.6.2
      cli-table3: 0.6.5
      marked: 4.3.0
      node-emoji: 1.11.0
      supports-hyperlinks: 2.3.0

  marked@4.3.0: {}

  memory-streams@0.1.3:
    dependencies:
      readable-stream: 1.0.34

  memorystream@0.3.1: {}

  node-emoji@1.11.0:
    dependencies:
      lodash: 4.17.23

  nopt@2.1.2:
    dependencies:
      abbrev: 1.1.1

  optimist@0.2.8:
    dependencies:
      wordwrap: 0.0.3

  optimist@0.3.7:
    dependencies:
      wordwrap: 0.0.3

  picture-tuber@1.0.2:
    dependencies:
      buffers: 0.1.1
      charm: 0.1.2
      event-stream: 0.9.8
      optimist: 0.3.7
      png-js: 0.1.1
      x256: 0.0.2

  png-js@0.1.1: {}

  readable-stream@1.0.34:
    dependencies:
      core-util-is: 1.0.3
      inherits: 2.0.4
      isarray: 0.0.1
      string_decoder: 0.10.31

  readdirp@4.1.2: {}

  redeyed@2.1.1:
    dependencies:
      esprima: 4.0.1

  resolve-pkg-maps@1.0.0: {}

  sax@1.6.0: {}

  sparkline@0.1.2:
    dependencies:
      here: 0.0.2
      nopt: 2.1.2

  string-width@4.2.3:
    dependencies:
      emoji-regex: 8.0.0
      is-fullwidth-code-point: 3.0.0
      strip-ansi: 6.0.1

  string_decoder@0.10.31: {}

  strip-ansi@3.0.1:
    dependencies:
      ansi-regex: 2.1.1

  strip-ansi@6.0.1:
    dependencies:
      ansi-regex: 5.0.1

  supports-color@2.0.0: {}

  supports-color@7.2.0:
    dependencies:
      has-flag: 4.0.0

  supports-hyperlinks@2.3.0:
    dependencies:
      has-flag: 4.0.0
      supports-color: 7.2.0

  term-canvas@0.0.5: {}

  tsx@4.21.0:
    dependencies:
      esbuild: 0.27.7
      get-tsconfig: 4.14.0
    optionalDependencies:
      fsevents: 2.3.3

  typescript@5.9.3: {}

  undici-types@6.21.0: {}

  wordwrap@0.0.3: {}

  x256@0.0.2: {}

  xml2js@0.4.23:
    dependencies:
      sax: 1.6.0
      xmlbuilder: 11.0.1

  xmlbuilder@11.0.1: {}
